
Microsoft Visual Studio Solution File, Format Version 12.00
# Visual Studio Version 17
VisualStudioVersion = 17.2.32630.192
MinimumVisualStudioVersion = 10.0.40219.1
Project("{FAE04EC0-301F-11D3-BF4B-00C04F79EFBC}") = "RoomCalculator", "RoomCalculator\RoomCalculator.csproj", "{92880FE4-6F78-4EAF-9066-C26160F452B8}"
EndProject
Global
	GlobalSection(SolutionConfigurationPlatforms) = preSolution
		Debug|Any CPU = Debug|Any CPU
		Release|Any CPU = Release|Any CPU
	EndGlobalSection
	GlobalSection(ProjectConfigurationPlatforms) = postSolution
		{92880FE4-6F78-4EAF-9066-C26160F452B8}.Debug|Any CPU.ActiveCfg = Debug|Any CPU
		{92880FE4-6F78-4EAF-9066-C26160F452B8}.Debug|Any CPU.Build.0 = Debug|Any CPU
		{92880FE4-6F78-4EAF-9066-C26160F452B8}.Release|Any CPU.ActiveCfg = Release|Any CPU
		{92880FE4-6F78-4EAF-9066-C26160F452B8}.Release|Any CPU.Build.0 = Release|Any CPU
	EndGlobalSection
	GlobalSection(SolutionProperties) = preSolution
		HideSolutionNode = FALSE
	EndGlobalSection
	GlobalSection(ExtensibilityGlobals) = postSolution
		SolutionGuid = {8EC3BBBF-C3AE-470D-86D5-1800CA317451}
	EndGlobalSection
EndGlobal
